
Microsoft Visual Studio Solution File, Format Version 12.00
# Visual Studio 15
VisualStudioVersion = 15.0.26430.16
MinimumVisualStudioVersion = 10.0.40219.1
Project("{FAE04EC0-301F-11D3-BF4B-00C04F79EFBC}") = "ePlanifv2", "ePlanifv2\ePlanifv2.csproj", "{BE606AC9-0545-4531-BEDF-4A2EE1E29A6B}"
	ProjectSection(ProjectDependencies) = postProject
		{C5F201D3-F862-4654-87C2-ECFD51A4F370} = {C5F201D3-F862-4654-87C2-ECFD51A4F370}
	EndProjectSection
EndProject
Project("{FAE04EC0-301F-11D3-BF4B-00C04F79EFBC}") = "ePlanifModelsLib", "ePlanifModelsLib\ePlanifModelsLib.csproj", "{EBC42CF1-EFF8-456C-B9D6-B8874D790FD8}"
EndProject
Project("{FAE04EC0-301F-11D3-BF4B-00C04F79EFBC}") = "ePlanifViewModelsLib", "ePlanifViewModelsLib\ePlanifViewModelsLib.csproj", "{C33B6302-9CA7-4C79-8286-9D31A9CA4A7E}"
	ProjectSection(ProjectDependencies) = postProject
		{C5F201D3-F862-4654-87C2-ECFD51A4F370} = {C5F201D3-F862-4654-87C2-ECFD51A4F370}
	EndProjectSection
EndProject
Project("{FAE04EC0-301F-11D3-BF4B-00C04F79EFBC}") = "ConfigurationTool", "ConfigurationTool\ConfigurationTool.csproj", "{0692798E-859E-44A0-9F00-412C5B630693}"
EndProject
Project("{FAE04EC0-301F-11D3-BF4B-00C04F79EFBC}") = "ePlanifServerLib", "ePlanifServerLib\ePlanifServerLib.csproj", "{C5F201D3-F862-4654-87C2-ECFD51A4F370}"
EndProject
Project("{2150E333-8FDC-42A3-9474-1A3956D46DE8}") = "Server", "Server", "{4E5D550A-024E-4CFD-8E23-D61D9EF273AD}"
EndProject
Project("{FAE04EC0-301F-11D3-BF4B-00C04F79EFBC}") = "ePlanifServer", "ePlanifServer\ePlanifServer.csproj", "{7712551B-16A5-49D1-9991-DF5C75B093C2}"
EndProject
Project("{2150E333-8FDC-42A3-9474-1A3956D46DE8}") = "Tests", "Tests", "{909AB1C7-B584-4D0D-A8C3-AA36B7E7CC99}"
EndProject
Project("{FAE04EC0-301F-11D3-BF4B-00C04F79EFBC}") = "ePlanifServerLibTest", "ePlanifServerLibTest\ePlanifServerLibTest.csproj", "{2187FF76-AD7B-41AE-AAD3-6B1813C753BB}"
	ProjectSection(ProjectDependencies) = postProject
		{C5F201D3-F862-4654-87C2-ECFD51A4F370} = {C5F201D3-F862-4654-87C2-ECFD51A4F370}
	EndProjectSection
EndProject
Project("{2150E333-8FDC-42A3-9474-1A3956D46DE8}") = "Client", "Client", "{46655D1F-8D47-4BB0-B26C-42B4C412421A}"
EndProject
Project("{2150E333-8FDC-42A3-9474-1A3956D46DE8}") = "MVVMLib", "MVVMLib", "{00BF55E3-3718-4D80-9F89-3C6680F54A10}"
EndProject
Project("{FAE04EC0-301F-11D3-BF4B-00C04F79EFBC}") = "ModelLib", "..\MVVMLib\ModelLib\ModelLib.csproj", "{360B1F0A-1582-4979-91F0-E323B0B65E2C}"
EndProject
Project("{FAE04EC0-301F-11D3-BF4B-00C04F79EFBC}") = "DatabaseModelLib", "..\MVVMLib\DatabaseModelLib\DatabaseModelLib.csproj", "{5D765243-DB53-4E4A-9101-881A4024B3B5}"
EndProject
Project("{FAE04EC0-301F-11D3-BF4B-00C04F79EFBC}") = "SqlDatabaseModelLib", "..\MVVMLib\SqlDatabaseModelLib\SqlDatabaseModelLib.csproj", "{42A08CD2-8118-4990-A7C7-CF66CC9A887E}"
EndProject
Project("{FAE04EC0-301F-11D3-BF4B-00C04F79EFBC}") = "ViewLib", "..\MVVMLib\ViewLib\ViewLib.csproj", "{EC7CAA89-CE12-41C9-AA61-238C5E8B55C6}"
EndProject
Project("{FAE04EC0-301F-11D3-BF4B-00C04F79EFBC}") = "ViewModelLib", "..\MVVMLib\ViewModelLib\ViewModelLib.csproj", "{1606EC93-34CA-4F3C-B703-B388B8A56AC6}"
EndProject
Project("{FAE04EC0-301F-11D3-BF4B-00C04F79EFBC}") = "WorkerLib", "..\WorkerLib\WorkerLib\WorkerLib.csproj", "{DD332EDF-6C16-4DC8-BA62-1D3F67FE54F8}"
EndProject
Project("{FAE04EC0-301F-11D3-BF4B-00C04F79EFBC}") = "LogUtils", "..\LogUtils\LogUtils\LogUtils.csproj", "{17AAEB57-4F55-4E14-9E6D-B4BB59D33560}"
EndProject
Project("{FAE04EC0-301F-11D3-BF4B-00C04F79EFBC}") = "DatabaseUpgraderLib", "..\MVVMLib\DatabaseUpgraderLib\DatabaseUpgraderLib.csproj", "{DAB4CCAA-92DE-4D6C-912C-E561D2321252}"
EndProject
Global
	GlobalSection(SolutionConfigurationPlatforms) = preSolution
		Debug|Any CPU = Debug|Any CPU
		Release|Any CPU = Release|Any CPU
	EndGlobalSection
	GlobalSection(ProjectConfigurationPlatforms) = postSolution
		{BE606AC9-0545-4531-BEDF-4A2EE1E29A6B}.Debug|Any CPU.ActiveCfg = Debug|Any CPU
		{BE606AC9-0545-4531-BEDF-4A2EE1E29A6B}.Debug|Any CPU.Build.0 = Debug|Any CPU
		{BE606AC9-0545-4531-BEDF-4A2EE1E29A6B}.Release|Any CPU.ActiveCfg = Release|Any CPU
		{BE606AC9-0545-4531-BEDF-4A2EE1E29A6B}.Release|Any CPU.Build.0 = Release|Any CPU
		{EBC42CF1-EFF8-456C-B9D6-B8874D790FD8}.Debug|Any CPU.ActiveCfg = Debug|Any CPU
		{EBC42CF1-EFF8-456C-B9D6-B8874D790FD8}.Debug|Any CPU.Build.0 = Debug|Any CPU
		{EBC42CF1-EFF8-456C-B9D6-B8874D790FD8}.Release|Any CPU.ActiveCfg = Release|Any CPU
		{EBC42CF1-EFF8-456C-B9D6-B8874D790FD8}.Release|Any CPU.Build.0 = Release|Any CPU
		{C33B6302-9CA7-4C79-8286-9D31A9CA4A7E}.Debug|Any CPU.ActiveCfg = Debug|Any CPU
		{C33B6302-9CA7-4C79-8286-9D31A9CA4A7E}.Debug|Any CPU.Build.0 = Debug|Any CPU
		{C33B6302-9CA7-4C79-8286-9D31A9CA4A7E}.Release|Any CPU.ActiveCfg = Release|Any CPU
		{C33B6302-9CA7-4C79-8286-9D31A9CA4A7E}.Release|Any CPU.Build.0 = Release|Any CPU
		{0692798E-859E-44A0-9F00-412C5B630693}.Debug|Any CPU.ActiveCfg = Debug|Any CPU
		{0692798E-859E-44A0-9F00-412C5B630693}.Debug|Any CPU.Build.0 = Debug|Any CPU
		{0692798E-859E-44A0-9F00-412C5B630693}.Release|Any CPU.ActiveCfg = Release|Any CPU
		{0692798E-859E-44A0-9F00-412C5B630693}.Release|Any CPU.Build.0 = Release|Any CPU
		{C5F201D3-F862-4654-87C2-ECFD51A4F370}.Debug|Any CPU.ActiveCfg = Debug|Any CPU
		{C5F201D3-F862-4654-87C2-ECFD51A4F370}.Debug|Any CPU.Build.0 = Debug|Any CPU
		{C5F201D3-F862-4654-87C2-ECFD51A4F370}.Release|Any CPU.ActiveCfg = Release|Any CPU
		{C5F201D3-F862-4654-87C2-ECFD51A4F370}.Release|Any CPU.Build.0 = Release|Any CPU
		{7712551B-16A5-49D1-9991-DF5C75B093C2}.Debug|Any CPU.ActiveCfg = Debug|Any CPU
		{7712551B-16A5-49D1-9991-DF5C75B093C2}.Debug|Any CPU.Build.0 = Debug|Any CPU
		{7712551B-16A5-49D1-9991-DF5C75B093C2}.Release|Any CPU.ActiveCfg = Release|Any CPU
		{7712551B-16A5-49D1-9991-DF5C75B093C2}.Release|Any CPU.Build.0 = Release|Any CPU
		{2187FF76-AD7B-41AE-AAD3-6B1813C753BB}.Debug|Any CPU.ActiveCfg = Debug|Any CPU
		{2187FF76-AD7B-41AE-AAD3-6B1813C753BB}.Debug|Any CPU.Build.0 = Debug|Any CPU
		{2187FF76-AD7B-41AE-AAD3-6B1813C753BB}.Release|Any CPU.ActiveCfg = Release|Any CPU
		{2187FF76-AD7B-41AE-AAD3-6B1813C753BB}.Release|Any CPU.Build.0 = Release|Any CPU
		{360B1F0A-1582-4979-91F0-E323B0B65E2C}.Debug|Any CPU.ActiveCfg = Debug|Any CPU
		{360B1F0A-1582-4979-91F0-E323B0B65E2C}.Debug|Any CPU.Build.0 = Debug|Any CPU
		{360B1F0A-1582-4979-91F0-E323B0B65E2C}.Release|Any CPU.ActiveCfg = Release|Any CPU
		{360B1F0A-1582-4979-91F0-E323B0B65E2C}.Release|Any CPU.Build.0 = Release|Any CPU
		{5D765243-DB53-4E4A-9101-881A4024B3B5}.Debug|Any CPU.ActiveCfg = Debug|Any CPU
		{5D765243-DB53-4E4A-9101-881A4024B3B5}.Debug|Any CPU.Build.0 = Debug|Any CPU
		{5D765243-DB53-4E4A-9101-881A4024B3B5}.Release|Any CPU.ActiveCfg = Release|Any CPU
		{5D765243-DB53-4E4A-9101-881A4024B3B5}.Release|Any CPU.Build.0 = Release|Any CPU
		{42A08CD2-8118-4990-A7C7-CF66CC9A887E}.Debug|Any CPU.ActiveCfg = Debug|Any CPU
		{42A08CD2-8118-4990-A7C7-CF66CC9A887E}.Debug|Any CPU.Build.0 = Debug|Any CPU
		{42A08CD2-8118-4990-A7C7-CF66CC9A887E}.Release|Any CPU.ActiveCfg = Release|Any CPU
		{42A08CD2-8118-4990-A7C7-CF66CC9A887E}.Release|Any CPU.Build.0 = Release|Any CPU
		{EC7CAA89-CE12-41C9-AA61-238C5E8B55C6}.Debug|Any CPU.ActiveCfg = Debug|Any CPU
		{EC7CAA89-CE12-41C9-AA61-238C5E8B55C6}.Debug|Any CPU.Build.0 = Debug|Any CPU
		{EC7CAA89-CE12-41C9-AA61-238C5E8B55C6}.Release|Any CPU.ActiveCfg = Release|Any CPU
		{EC7CAA89-CE12-41C9-AA61-238C5E8B55C6}.Release|Any CPU.Build.0 = Release|Any CPU
		{1606EC93-34CA-4F3C-B703-B388B8A56AC6}.Debug|Any CPU.ActiveCfg = Debug|Any CPU
		{1606EC93-34CA-4F3C-B703-B388B8A56AC6}.Debug|Any CPU.Build.0 = Debug|Any CPU
		{1606EC93-34CA-4F3C-B703-B388B8A56AC6}.Release|Any CPU.ActiveCfg = Release|Any CPU
		{1606EC93-34CA-4F3C-B703-B388B8A56AC6}.Release|Any CPU.Build.0 = Release|Any CPU
		{DD332EDF-6C16-4DC8-BA62-1D3F67FE54F8}.Debug|Any CPU.ActiveCfg = Debug|Any CPU
		{DD332EDF-6C16-4DC8-BA62-1D3F67FE54F8}.Debug|Any CPU.Build.0 = Debug|Any CPU
		{DD332EDF-6C16-4DC8-BA62-1D3F67FE54F8}.Release|Any CPU.ActiveCfg = Release|Any CPU
		{DD332EDF-6C16-4DC8-BA62-1D3F67FE54F8}.Release|Any CPU.Build.0 = Release|Any CPU
		{17AAEB57-4F55-4E14-9E6D-B4BB59D33560}.Debug|Any CPU.ActiveCfg = Debug|Any CPU
		{17AAEB57-4F55-4E14-9E6D-B4BB59D33560}.Debug|Any CPU.Build.0 = Debug|Any CPU
		{17AAEB57-4F55-4E14-9E6D-B4BB59D33560}.Release|Any CPU.ActiveCfg = Release|Any CPU
		{17AAEB57-4F55-4E14-9E6D-B4BB59D33560}.Release|Any CPU.Build.0 = Release|Any CPU
		{DAB4CCAA-92DE-4D6C-912C-E561D2321252}.Debug|Any CPU.ActiveCfg = Debug|Any CPU
		{DAB4CCAA-92DE-4D6C-912C-E561D2321252}.Debug|Any CPU.Build.0 = Debug|Any CPU
		{DAB4CCAA-92DE-4D6C-912C-E561D2321252}.Release|Any CPU.ActiveCfg = Release|Any CPU
		{DAB4CCAA-92DE-4D6C-912C-E561D2321252}.Release|Any CPU.Build.0 = Release|Any CPU
	EndGlobalSection
	GlobalSection(SolutionProperties) = preSolution
		HideSolutionNode = FALSE
	EndGlobalSection
	GlobalSection(NestedProjects) = preSolution
		{BE606AC9-0545-4531-BEDF-4A2EE1E29A6B} = {46655D1F-8D47-4BB0-B26C-42B4C412421A}
		{EBC42CF1-EFF8-456C-B9D6-B8874D790FD8} = {46655D1F-8D47-4BB0-B26C-42B4C412421A}
		{C33B6302-9CA7-4C79-8286-9D31A9CA4A7E} = {46655D1F-8D47-4BB0-B26C-42B4C412421A}
		{0692798E-859E-44A0-9F00-412C5B630693} = {4E5D550A-024E-4CFD-8E23-D61D9EF273AD}
		{C5F201D3-F862-4654-87C2-ECFD51A4F370} = {4E5D550A-024E-4CFD-8E23-D61D9EF273AD}
		{7712551B-16A5-49D1-9991-DF5C75B093C2} = {4E5D550A-024E-4CFD-8E23-D61D9EF273AD}
		{2187FF76-AD7B-41AE-AAD3-6B1813C753BB} = {909AB1C7-B584-4D0D-A8C3-AA36B7E7CC99}
		{360B1F0A-1582-4979-91F0-E323B0B65E2C} = {00BF55E3-3718-4D80-9F89-3C6680F54A10}
		{5D765243-DB53-4E4A-9101-881A4024B3B5} = {00BF55E3-3718-4D80-9F89-3C6680F54A10}
		{42A08CD2-8118-4990-A7C7-CF66CC9A887E} = {00BF55E3-3718-4D80-9F89-3C6680F54A10}
		{EC7CAA89-CE12-41C9-AA61-238C5E8B55C6} = {00BF55E3-3718-4D80-9F89-3C6680F54A10}
		{1606EC93-34CA-4F3C-B703-B388B8A56AC6} = {00BF55E3-3718-4D80-9F89-3C6680F54A10}
		{DD332EDF-6C16-4DC8-BA62-1D3F67FE54F8} = {4E5D550A-024E-4CFD-8E23-D61D9EF273AD}
		{17AAEB57-4F55-4E14-9E6D-B4BB59D33560} = {4E5D550A-024E-4CFD-8E23-D61D9EF273AD}
		{DAB4CCAA-92DE-4D6C-912C-E561D2321252} = {00BF55E3-3718-4D80-9F89-3C6680F54A10}
	EndGlobalSection
EndGlobal
